<Solution>
  <Folder Name="/Éléments de solution/">
    <File Path="CLAUDE.md" />
    <File Path="docker/.env.example" />
    <File Path="docker/docker-compose.yml" />
    <File Path="SPEC.md" />
  </Folder>
  <Project Path="Giretra.Core.Tests/Giretra.Core.Tests.csproj" />
  <Project Path="Giretra.Core/Giretra.Core.csproj" />
  <Project Path="Giretra.Model/Giretra.Model.csproj" />
  <Project Path="Giretra.Web.Tests/Giretra.Web.Tests.csproj" />
  <Project Path="Giretra.Web/Giretra.Web.csproj" />
  <Project Path="Giretra/Giretra.csproj" />
  <Project Path="Giretra.Benchmark/Giretra.Benchmark.csproj" />
</Solution>
