<Solution>
  <Folder Name="/Éléments de solution/">
    <File Path="CLAUDE.md" />
    <File Path="SPEC.md" />
  </Folder>
  <Project Path="Giretra.Core.Tests/Giretra.Core.Tests.csproj" />
  <Project Path="Giretra.Core/Giretra.Core.csproj" />
  <Project Path="Giretra.Model/Giretra.Model.csproj" Id="b96c1b71-00fb-474d-82a4-26c3085d5243" />
  <Project Path="Giretra.Web.Tests/Giretra.Web.Tests.csproj" />
  <Project Path="Giretra.Web/Giretra.Web.csproj" />
  <Project Path="Giretra/Giretra.csproj" />
  <Project Path="Giretra.Benchmark/Giretra.Benchmark.csproj" />
</Solution>
