<Solution>
  <Folder Name="/Éléments de solution/">
    <File Path="CLAUDE.md" />
    <File Path="Dockerfile" />
    <File Path="docker-compose.yml" />
    <File Path="docker-compose.infra.yml" />
    <File Path="docker/.env.example" />
    <File Path="docker/docker-compose.yml" />
    <File Path="LASTSTATE.md" />
    <File Path="README.md" />
    <File Path="RULES.md" />
    <File Path="SPEC.md" />
  </Folder>
  <Project Path="tests/Giretra.Core.Tests/Giretra.Core.Tests.csproj" />
  <Project Path="src/Giretra.Core/Giretra.Core.csproj" />
  <Project Path="src/Giretra.Model/Giretra.Model.csproj" />
  <Project Path="tests/Giretra.Web.Tests/Giretra.Web.Tests.csproj" />
  <Project Path="src/Giretra.Web/Giretra.Web.csproj" />
  <Project Path="src/Giretra/Giretra.csproj" />
  <Project Path="src/Giretra.Manage/Giretra.Manage.csproj" />
</Solution>
